
Microsoft Visual Studio Solution File, Format Version 12.00
# Visual Studio Version 17
VisualStudioVersion = 17.9.34902.65
MinimumVisualStudioVersion = 10.0.40219.1
Project("{8BC9CEB8-8B4A-11D0-8D11-00A0C91BC942}") = "PW4_OOP", "PW4_OOP\PW4_OOP.vcxproj", "{97C72DB0-3490-4A30-8D09-AD7DF19BC3B6}"
EndProject
Global
	GlobalSection(SolutionConfigurationPlatforms) = preSolution
		Debug|x64 = Debug|x64
		Debug|x86 = Debug|x86
		Release|x64 = Release|x64
		Release|x86 = Release|x86
	EndGlobalSection
	GlobalSection(ProjectConfigurationPlatforms) = postSolution
		{97C72DB0-3490-4A30-8D09-AD7DF19BC3B6}.Debug|x64.ActiveCfg = Debug|x64
		{97C72DB0-3490-4A30-8D09-AD7DF19BC3B6}.Debug|x64.Build.0 = Debug|x64
		{97C72DB0-3490-4A30-8D09-AD7DF19BC3B6}.Debug|x86.ActiveCfg = Debug|Win32
		{97C72DB0-3490-4A30-8D09-AD7DF19BC3B6}.Debug|x86.Build.0 = Debug|Win32
		{97C72DB0-3490-4A30-8D09-AD7DF19BC3B6}.Release|x64.ActiveCfg = Release|x64
		{97C72DB0-3490-4A30-8D09-AD7DF19BC3B6}.Release|x64.Build.0 = Release|x64
		{97C72DB0-3490-4A30-8D09-AD7DF19BC3B6}.Release|x86.ActiveCfg = Release|Win32
		{97C72DB0-3490-4A30-8D09-AD7DF19BC3B6}.Release|x86.Build.0 = Release|Win32
	EndGlobalSection
	GlobalSection(SolutionProperties) = preSolution
		HideSolutionNode = FALSE
	EndGlobalSection
	GlobalSection(ExtensibilityGlobals) = postSolution
		SolutionGuid = {4C509BCD-42DA-4205-B7B0-9B399D3E6020}
	EndGlobalSection
EndGlobal
